// !$*UTF8*$!
{
	archiveVersion = 1;
	classes = {
	};
	objectVersion = 46;
	objects = {

/* Begin PBXBuildFile section */
		270F1E0E1EB4573300351D4D /* SettingsViewController.swift in Sources */ = {isa = PBXBuildFile; fileRef = 270F1E0D1EB4573300351D4D /* SettingsViewController.swift */; };
		271686CE1EBC39D600D6963A /* TransactionViewController.swift in Sources */ = {isa = PBXBuildFile; fileRef = 271686CD1EBC39D500D6963A /* TransactionViewController.swift */; };
		271686D01EBC3F9100D6963A /* PassbookViewController.swift in Sources */ = {isa = PBXBuildFile; fileRef = 271686CF1EBC3F8F00D6963A /* PassbookViewController.swift */; };
		274EF4B41E8F88D40015FED2 /* AcceptTabViewController.swift in Sources */ = {isa = PBXBuildFile; fileRef = 274EF4B31E8F88D40015FED2 /* AcceptTabViewController.swift */; };
		274EF4B91E9264900015FED2 /* ProfileTabViewController.swift in Sources */ = {isa = PBXBuildFile; fileRef = 274EF4B81E9264900015FED2 /* ProfileTabViewController.swift */; };
		274EF4BC1E92AB340015FED2 /* PaymentViewController.swift in Sources */ = {isa = PBXBuildFile; fileRef = 274EF4BB1E92AB340015FED2 /* PaymentViewController.swift */; };
		274EF4BE1E9372EB0015FED2 /* PayViewController.swift in Sources */ = {isa = PBXBuildFile; fileRef = 274EF4BD1E9372EB0015FED2 /* PayViewController.swift */; };
		274EF4C31E953EB30015FED2 /* WalletTabViewController.swift in Sources */ = {isa = PBXBuildFile; fileRef = 274EF4C21E953EB30015FED2 /* WalletTabViewController.swift */; };
		2750CBC91E98D2C100261269 /* UpdateAccViewController.swift in Sources */ = {isa = PBXBuildFile; fileRef = 2750CBC81E98D2C100261269 /* UpdateAccViewController.swift */; };
		2750CBCB1E99077D00261269 /* IFSCViewController.swift in Sources */ = {isa = PBXBuildFile; fileRef = 2750CBCA1E99077D00261269 /* IFSCViewController.swift */; };
		2750CBCD1E9CA9D000261269 /* BanksTableViewController.swift in Sources */ = {isa = PBXBuildFile; fileRef = 2750CBCC1E9CA9D000261269 /* BanksTableViewController.swift */; };
		2750CBD11E9CAACC00261269 /* BankModel.swift in Sources */ = {isa = PBXBuildFile; fileRef = 2750CBD01E9CAACC00261269 /* BankModel.swift */; };
		2750CBD31E9CB48F00261269 /* BankTableViewCell.swift in Sources */ = {isa = PBXBuildFile; fileRef = 2750CBD21E9CB48F00261269 /* BankTableViewCell.swift */; };
		2750CBD51E9E091100261269 /* StatetableView.swift in Sources */ = {isa = PBXBuildFile; fileRef = 2750CBD41E9E091000261269 /* StatetableView.swift */; };
		2750CBD71E9E1E4F00261269 /* CitiyTableView.swift in Sources */ = {isa = PBXBuildFile; fileRef = 2750CBD61E9E1E4F00261269 /* CitiyTableView.swift */; };
		2750CBD91E9E236F00261269 /* BranchTableView.swift in Sources */ = {isa = PBXBuildFile; fileRef = 2750CBD81E9E236F00261269 /* BranchTableView.swift */; };
		275A14611EB600370034F19F /* FeedbackViewController.swift in Sources */ = {isa = PBXBuildFile; fileRef = 275A14601EB600370034F19F /* FeedbackViewController.swift */; };
		27C1BA431EB70CDE002073B3 /* TransactionTableViewCell.swift in Sources */ = {isa = PBXBuildFile; fileRef = 27C1BA421EB70CDD002073B3 /* TransactionTableViewCell.swift */; };
		27C1BA451EB715CA002073B3 /* transactionModel.swift in Sources */ = {isa = PBXBuildFile; fileRef = 27C1BA441EB715CA002073B3 /* transactionModel.swift */; };
		27D0F6C21E84E1AC00DEFB50 /* AppDelegate.swift in Sources */ = {isa = PBXBuildFile; fileRef = 27D0F6C11E84E1AC00DEFB50 /* AppDelegate.swift */; };
		27D0F6C41E84E1AC00DEFB50 /* ViewController.swift in Sources */ = {isa = PBXBuildFile; fileRef = 27D0F6C31E84E1AC00DEFB50 /* ViewController.swift */; };
		27D0F6CA1E84E1AC00DEFB50 /* SelectDineWallet.xcdatamodeld in Sources */ = {isa = PBXBuildFile; fileRef = 27D0F6C81E84E1AC00DEFB50 /* SelectDineWallet.xcdatamodeld */; };
		27D0F6CC1E84E1AC00DEFB50 /* Assets.xcassets in Resources */ = {isa = PBXBuildFile; fileRef = 27D0F6CB1E84E1AC00DEFB50 /* Assets.xcassets */; };
		27D0F6CF1E84E1AC00DEFB50 /* LaunchScreen.storyboard in Resources */ = {isa = PBXBuildFile; fileRef = 27D0F6CD1E84E1AC00DEFB50 /* LaunchScreen.storyboard */; };
		27D0F6DD1E8548E900DEFB50 /* Bolts.framework in Frameworks */ = {isa = PBXBuildFile; fileRef = 27D0F6D91E8548E900DEFB50 /* Bolts.framework */; };
		27D0F6DE1E8548EA00DEFB50 /* FBSDKCoreKit.framework in Frameworks */ = {isa = PBXBuildFile; fileRef = 27D0F6DA1E8548E900DEFB50 /* FBSDKCoreKit.framework */; };
		27D0F6DF1E8548EA00DEFB50 /* FBSDKLoginKit.framework in Frameworks */ = {isa = PBXBuildFile; fileRef = 27D0F6DB1E8548E900DEFB50 /* FBSDKLoginKit.framework */; };
		27D0F6E01E8548EA00DEFB50 /* FBSDKShareKit.framework in Frameworks */ = {isa = PBXBuildFile; fileRef = 27D0F6DC1E8548E900DEFB50 /* FBSDKShareKit.framework */; };
		27D0F6E21E857F9100DEFB50 /* LoginViewController.swift in Sources */ = {isa = PBXBuildFile; fileRef = 27D0F6E11E857F9100DEFB50 /* LoginViewController.swift */; };
		27D0F6E61E86372F00DEFB50 /* GoogleService-Info.plist in Resources */ = {isa = PBXBuildFile; fileRef = 27D0F6E51E86372F00DEFB50 /* GoogleService-Info.plist */; };
		27D0F6E81E8788C700DEFB50 /* SignUpViewController.swift in Sources */ = {isa = PBXBuildFile; fileRef = 27D0F6E71E8788C700DEFB50 /* SignUpViewController.swift */; };
		27D0F6EB1E8B691D00DEFB50 /* HomeViewController.swift in Sources */ = {isa = PBXBuildFile; fileRef = 27D0F6EA1E8B691D00DEFB50 /* HomeViewController.swift */; };
		27D0F6EE1E8B822700DEFB50 /* Main.storyboard in Resources */ = {isa = PBXBuildFile; fileRef = 27D0F6EC1E8B822700DEFB50 /* Main.storyboard */; };
		27D0F6F01E8E2F3500DEFB50 /* HomeScroller.xib in Resources */ = {isa = PBXBuildFile; fileRef = 27D0F6EF1E8E2F3400DEFB50 /* HomeScroller.xib */; };
		27D0F6F21E8E330C00DEFB50 /* HomeScrollView.swift in Sources */ = {isa = PBXBuildFile; fileRef = 27D0F6F11E8E330C00DEFB50 /* HomeScrollView.swift */; };
		27D0F6F51E8E357900DEFB50 /* HomeTabView.swift in Sources */ = {isa = PBXBuildFile; fileRef = 27D0F6F41E8E357900DEFB50 /* HomeTabView.swift */; };
		27FA3BEB1EB9CE1400514B35 /* LoginScrollView.swift in Sources */ = {isa = PBXBuildFile; fileRef = 27FA3BEA1EB9CE1400514B35 /* LoginScrollView.swift */; };
		27FA3BED1EB9D1DA00514B35 /* LoginScroller.xib in Resources */ = {isa = PBXBuildFile; fileRef = 27FA3BEC1EB9D1DA00514B35 /* LoginScroller.xib */; };
		760798B8D85276A1D2023C92 /* Pods_SelectDineWallet.framework in Frameworks */ = {isa = PBXBuildFile; fileRef = B881DA72BDAD01D497719741 /* Pods_SelectDineWallet.framework */; };
/* End PBXBuildFile section */

/* Begin PBXFileReference section */
		270F1E0D1EB4573300351D4D /* SettingsViewController.swift */ = {isa = PBXFileReference; fileEncoding = 4; lastKnownFileType = sourcecode.swift; path = SettingsViewController.swift; sourceTree = "<group>"; };
		271686CD1EBC39D500D6963A /* TransactionViewController.swift */ = {isa = PBXFileReference; fileEncoding = 4; lastKnownFileType = sourcecode.swift; path = TransactionViewController.swift; sourceTree = "<group>"; };
		271686CF1EBC3F8F00D6963A /* PassbookViewController.swift */ = {isa = PBXFileReference; fileEncoding = 4; lastKnownFileType = sourcecode.swift; path = PassbookViewController.swift; sourceTree = "<group>"; };
		274EF4B31E8F88D40015FED2 /* AcceptTabViewController.swift */ = {isa = PBXFileReference; fileEncoding = 4; lastKnownFileType = sourcecode.swift; path = AcceptTabViewController.swift; sourceTree = "<group>"; };
		274EF4B61E8FC6520015FED2 /* bridging-header.h */ = {isa = PBXFileReference; lastKnownFileType = sourcecode.c.h; path = "bridging-header.h"; sourceTree = "<group>"; };
		274EF4B81E9264900015FED2 /* ProfileTabViewController.swift */ = {isa = PBXFileReference; fileEncoding = 4; lastKnownFileType = sourcecode.swift; path = ProfileTabViewController.swift; sourceTree = "<group>"; };
		274EF4BB1E92AB340015FED2 /* PaymentViewController.swift */ = {isa = PBXFileReference; fileEncoding = 4; lastKnownFileType = sourcecode.swift; path = PaymentViewController.swift; sourceTree = "<group>"; };
		274EF4BD1E9372EB0015FED2 /* PayViewController.swift */ = {isa = PBXFileReference; fileEncoding = 4; lastKnownFileType = sourcecode.swift; path = PayViewController.swift; sourceTree = "<group>"; };
		274EF4C21E953EB30015FED2 /* WalletTabViewController.swift */ = {isa = PBXFileReference; fileEncoding = 4; lastKnownFileType = sourcecode.swift; path = WalletTabViewController.swift; sourceTree = "<group>"; };
		2750CBC81E98D2C100261269 /* UpdateAccViewController.swift */ = {isa = PBXFileReference; fileEncoding = 4; lastKnownFileType = sourcecode.swift; path = UpdateAccViewController.swift; sourceTree = "<group>"; };
		2750CBCA1E99077D00261269 /* IFSCViewController.swift */ = {isa = PBXFileReference; fileEncoding = 4; lastKnownFileType = sourcecode.swift; path = IFSCViewController.swift; sourceTree = "<group>"; };
		2750CBCC1E9CA9D000261269 /* BanksTableViewController.swift */ = {isa = PBXFileReference; fileEncoding = 4; lastKnownFileType = sourcecode.swift; path = BanksTableViewController.swift; sourceTree = "<group>"; };
		2750CBD01E9CAACC00261269 /* BankModel.swift */ = {isa = PBXFileReference; fileEncoding = 4; lastKnownFileType = sourcecode.swift; path = BankModel.swift; sourceTree = "<group>"; };
		2750CBD21E9CB48F00261269 /* BankTableViewCell.swift */ = {isa = PBXFileReference; fileEncoding = 4; lastKnownFileType = sourcecode.swift; path = BankTableViewCell.swift; sourceTree = "<group>"; };
		2750CBD41E9E091000261269 /* StatetableView.swift */ = {isa = PBXFileReference; fileEncoding = 4; lastKnownFileType = sourcecode.swift; path = StatetableView.swift; sourceTree = "<group>"; };
		2750CBD61E9E1E4F00261269 /* CitiyTableView.swift */ = {isa = PBXFileReference; fileEncoding = 4; lastKnownFileType = sourcecode.swift; path = CitiyTableView.swift; sourceTree = "<group>"; };
		2750CBD81E9E236F00261269 /* BranchTableView.swift */ = {isa = PBXFileReference; fileEncoding = 4; lastKnownFileType = sourcecode.swift; path = BranchTableView.swift; sourceTree = "<group>"; };
		275A14601EB600370034F19F /* FeedbackViewController.swift */ = {isa = PBXFileReference; fileEncoding = 4; lastKnownFileType = sourcecode.swift; path = FeedbackViewController.swift; sourceTree = "<group>"; };
		27C1BA421EB70CDD002073B3 /* TransactionTableViewCell.swift */ = {isa = PBXFileReference; fileEncoding = 4; lastKnownFileType = sourcecode.swift; path = TransactionTableViewCell.swift; sourceTree = "<group>"; };
		27C1BA441EB715CA002073B3 /* transactionModel.swift */ = {isa = PBXFileReference; fileEncoding = 4; lastKnownFileType = sourcecode.swift; path = transactionModel.swift; sourceTree = "<group>"; };
		27D0F6BE1E84E1AC00DEFB50 /* SelectDineWallet.app */ = {isa = PBXFileReference; explicitFileType = wrapper.application; includeInIndex = 0; path = SelectDineWallet.app; sourceTree = BUILT_PRODUCTS_DIR; };
		27D0F6C11E84E1AC00DEFB50 /* AppDelegate.swift */ = {isa = PBXFileReference; lastKnownFileType = sourcecode.swift; path = AppDelegate.swift; sourceTree = "<group>"; };
		27D0F6C31E84E1AC00DEFB50 /* ViewController.swift */ = {isa = PBXFileReference; lastKnownFileType = sourcecode.swift; path = ViewController.swift; sourceTree = "<group>"; };
		27D0F6C91E84E1AC00DEFB50 /* SelectDineWallet.xcdatamodel */ = {isa = PBXFileReference; lastKnownFileType = wrapper.xcdatamodel; path = SelectDineWallet.xcdatamodel; sourceTree = "<group>"; };
		27D0F6CB1E84E1AC00DEFB50 /* Assets.xcassets */ = {isa = PBXFileReference; lastKnownFileType = folder.assetcatalog; path = Assets.xcassets; sourceTree = "<group>"; };
		27D0F6CE1E84E1AC00DEFB50 /* Base */ = {isa = PBXFileReference; lastKnownFileType = file.storyboard; name = Base; path = Base.lproj/LaunchScreen.storyboard; sourceTree = "<group>"; };
		27D0F6D01E84E1AC00DEFB50 /* Info.plist */ = {isa = PBXFileReference; lastKnownFileType = text.plist.xml; path = Info.plist; sourceTree = "<group>"; };
		27D0F6D91E8548E900DEFB50 /* Bolts.framework */ = {isa = PBXFileReference; lastKnownFileType = wrapper.framework; path = Bolts.framework; sourceTree = "<group>"; };
		27D0F6DA1E8548E900DEFB50 /* FBSDKCoreKit.framework */ = {isa = PBXFileReference; lastKnownFileType = wrapper.framework; path = FBSDKCoreKit.framework; sourceTree = "<group>"; };
		27D0F6DB1E8548E900DEFB50 /* FBSDKLoginKit.framework */ = {isa = PBXFileReference; lastKnownFileType = wrapper.framework; path = FBSDKLoginKit.framework; sourceTree = "<group>"; };
		27D0F6DC1E8548E900DEFB50 /* FBSDKShareKit.framework */ = {isa = PBXFileReference; lastKnownFileType = wrapper.framework; path = FBSDKShareKit.framework; sourceTree = "<group>"; };
		27D0F6E11E857F9100DEFB50 /* LoginViewController.swift */ = {isa = PBXFileReference; fileEncoding = 4; lastKnownFileType = sourcecode.swift; path = LoginViewController.swift; sourceTree = "<group>"; };
		27D0F6E51E86372F00DEFB50 /* GoogleService-Info.plist */ = {isa = PBXFileReference; fileEncoding = 4; lastKnownFileType = text.plist.xml; path = "GoogleService-Info.plist"; sourceTree = "<group>"; };
		27D0F6E71E8788C700DEFB50 /* SignUpViewController.swift */ = {isa = PBXFileReference; fileEncoding = 4; lastKnownFileType = sourcecode.swift; path = SignUpViewController.swift; sourceTree = "<group>"; };
		27D0F6EA1E8B691D00DEFB50 /* HomeViewController.swift */ = {isa = PBXFileReference; fileEncoding = 4; lastKnownFileType = sourcecode.swift; path = HomeViewController.swift; sourceTree = "<group>"; };
		27D0F6ED1E8B822700DEFB50 /* Base */ = {isa = PBXFileReference; lastKnownFileType = file.storyboard; name = Base; path = Base.lproj/Main.storyboard; sourceTree = "<group>"; };
		27D0F6EF1E8E2F3400DEFB50 /* HomeScroller.xib */ = {isa = PBXFileReference; fileEncoding = 4; lastKnownFileType = file.xib; path = HomeScroller.xib; sourceTree = "<group>"; };
		27D0F6F11E8E330C00DEFB50 /* HomeScrollView.swift */ = {isa = PBXFileReference; fileEncoding = 4; lastKnownFileType = sourcecode.swift; path = HomeScrollView.swift; sourceTree = "<group>"; };
		27D0F6F41E8E357900DEFB50 /* HomeTabView.swift */ = {isa = PBXFileReference; fileEncoding = 4; lastKnownFileType = sourcecode.swift; path = HomeTabView.swift; sourceTree = "<group>"; };
		27FA3BEA1EB9CE1400514B35 /* LoginScrollView.swift */ = {isa = PBXFileReference; fileEncoding = 4; lastKnownFileType = sourcecode.swift; path = LoginScrollView.swift; sourceTree = "<group>"; };
		27FA3BEC1EB9D1DA00514B35 /* LoginScroller.xib */ = {isa = PBXFileReference; fileEncoding = 4; lastKnownFileType = file.xib; path = LoginScroller.xib; sourceTree = "<group>"; };
		6F1F5244618DEBD0C8E71F10 /* Pods-SelectDineWallet.debug.xcconfig */ = {isa = PBXFileReference; includeInIndex = 1; lastKnownFileType = text.xcconfig; name = "Pods-SelectDineWallet.debug.xcconfig"; path = "Pods/Target Support Files/Pods-SelectDineWallet/Pods-SelectDineWallet.debug.xcconfig"; sourceTree = "<group>"; };
		75B92D4249E65320A6D5C6B1 /* Pods-SelectDineWallet.release.xcconfig */ = {isa = PBXFileReference; includeInIndex = 1; lastKnownFileType = text.xcconfig; name = "Pods-SelectDineWallet.release.xcconfig"; path = "Pods/Target Support Files/Pods-SelectDineWallet/Pods-SelectDineWallet.release.xcconfig"; sourceTree = "<group>"; };
		B881DA72BDAD01D497719741 /* Pods_SelectDineWallet.framework */ = {isa = PBXFileReference; explicitFileType = wrapper.framework; includeInIndex = 0; path = Pods_SelectDineWallet.framework; sourceTree = BUILT_PRODUCTS_DIR; };
/* End PBXFileReference section */

/* Begin PBXFrameworksBuildPhase section */
		27D0F6BB1E84E1AB00DEFB50 /* Frameworks */ = {
			isa = PBXFrameworksBuildPhase;
			buildActionMask = 2147483647;
			files = (
				27D0F6E01E8548EA00DEFB50 /* FBSDKShareKit.framework in Frameworks */,
				27D0F6DD1E8548E900DEFB50 /* Bolts.framework in Frameworks */,
				27D0F6DE1E8548EA00DEFB50 /* FBSDKCoreKit.framework in Frameworks */,
				27D0F6DF1E8548EA00DEFB50 /* FBSDKLoginKit.framework in Frameworks */,
				760798B8D85276A1D2023C92 /* Pods_SelectDineWallet.framework in Frameworks */,
			);
			runOnlyForDeploymentPostprocessing = 0;
		};
/* End PBXFrameworksBuildPhase section */

/* Begin PBXGroup section */
		270F1E0C1EB456E500351D4D /* Settings */ = {
			isa = PBXGroup;
			children = (
				270F1E0D1EB4573300351D4D /* SettingsViewController.swift */,
			);
			name = Settings;
			sourceTree = "<group>";
		};
		272F861086AF468BE1DAF21D /* Pods */ = {
			isa = PBXGroup;
			children = (
				6F1F5244618DEBD0C8E71F10 /* Pods-SelectDineWallet.debug.xcconfig */,
				75B92D4249E65320A6D5C6B1 /* Pods-SelectDineWallet.release.xcconfig */,
			);
			name = Pods;
			sourceTree = "<group>";
		};
		274EF4B11E8F88B40015FED2 /* HomeTab */ = {
			isa = PBXGroup;
			children = (
				27D0F6EF1E8E2F3400DEFB50 /* HomeScroller.xib */,
				27D0F6F11E8E330C00DEFB50 /* HomeScrollView.swift */,
				27D0F6F41E8E357900DEFB50 /* HomeTabView.swift */,
			);
			name = HomeTab;
			sourceTree = "<group>";
		};
		274EF4B21E8F88BC0015FED2 /* AcceptTab */ = {
			isa = PBXGroup;
			children = (
				274EF4B31E8F88D40015FED2 /* AcceptTabViewController.swift */,
			);
			name = AcceptTab;
			sourceTree = "<group>";
		};
		274EF4B71E9264690015FED2 /* ProfileTab */ = {
			isa = PBXGroup;
			children = (
				275A145F1EB5FFBA0034F19F /* Feedback */,
				270F1E0C1EB456E500351D4D /* Settings */,
				274EF4B81E9264900015FED2 /* ProfileTabViewController.swift */,
				2750CBC81E98D2C100261269 /* UpdateAccViewController.swift */,
				2750CBDA1E9E26E600261269 /* IFSC */,
				271686CF1EBC3F8F00D6963A /* PassbookViewController.swift */,
			);
			name = ProfileTab;
			sourceTree = "<group>";
		};
		274EF4BA1E92AAE80015FED2 /* PayTab */ = {
			isa = PBXGroup;
			children = (
				274EF4BB1E92AB340015FED2 /* PaymentViewController.swift */,
			);
			name = PayTab;
			sourceTree = "<group>";
		};
		274EF4C11E953E8A0015FED2 /* WalletTab */ = {
			isa = PBXGroup;
			children = (
				274EF4C21E953EB30015FED2 /* WalletTabViewController.swift */,
				27C1BA421EB70CDD002073B3 /* TransactionTableViewCell.swift */,
				27C1BA441EB715CA002073B3 /* transactionModel.swift */,
				271686CD1EBC39D500D6963A /* TransactionViewController.swift */,
			);
			name = WalletTab;
			sourceTree = "<group>";
		};
		2750CBCF1E9CAAB500261269 /* Models */ = {
			isa = PBXGroup;
			children = (
				2750CBD01E9CAACC00261269 /* BankModel.swift */,
			);
			name = Models;
			sourceTree = "<group>";
		};
		2750CBDA1E9E26E600261269 /* IFSC */ = {
			isa = PBXGroup;
			children = (
				2750CBCA1E99077D00261269 /* IFSCViewController.swift */,
				2750CBCC1E9CA9D000261269 /* BanksTableViewController.swift */,
				2750CBD21E9CB48F00261269 /* BankTableViewCell.swift */,
				2750CBD41E9E091000261269 /* StatetableView.swift */,
				2750CBD61E9E1E4F00261269 /* CitiyTableView.swift */,
				2750CBD81E9E236F00261269 /* BranchTableView.swift */,
			);
			name = IFSC;
			sourceTree = "<group>";
		};
		275A145F1EB5FFBA0034F19F /* Feedback */ = {
			isa = PBXGroup;
			children = (
				275A14601EB600370034F19F /* FeedbackViewController.swift */,
			);
			name = Feedback;
			sourceTree = "<group>";
		};
		27D0F6B51E84E1AB00DEFB50 = {
			isa = PBXGroup;
			children = (
				274EF4B61E8FC6520015FED2 /* bridging-header.h */,
				27D0F6D81E8548A300DEFB50 /* Frameworks */,
				27D0F6C01E84E1AC00DEFB50 /* SelectDineWallet */,
				27D0F6BF1E84E1AC00DEFB50 /* Products */,
				272F861086AF468BE1DAF21D /* Pods */,
			);
			sourceTree = "<group>";
		};
		27D0F6BF1E84E1AC00DEFB50 /* Products */ = {
			isa = PBXGroup;
			children = (
				27D0F6BE1E84E1AC00DEFB50 /* SelectDineWallet.app */,
			);
			name = Products;
			sourceTree = "<group>";
		};
		27D0F6C01E84E1AC00DEFB50 /* SelectDineWallet */ = {
			isa = PBXGroup;
			children = (
				2750CBCF1E9CAAB500261269 /* Models */,
				274EF4BD1E9372EB0015FED2 /* PayViewController.swift */,
				27D0F6F31E8E355E00DEFB50 /* Tabbed SCreens */,
				27D0F6C11E84E1AC00DEFB50 /* AppDelegate.swift */,
				27FA3BE91EB9CAEF00514B35 /* LoginViewController */,
				27D0F6E11E857F9100DEFB50 /* LoginViewController.swift */,
				27D0F6EC1E8B822700DEFB50 /* Main.storyboard */,
				27D0F6E51E86372F00DEFB50 /* GoogleService-Info.plist */,
				27D0F6CB1E84E1AC00DEFB50 /* Assets.xcassets */,
				27D0F6CD1E84E1AC00DEFB50 /* LaunchScreen.storyboard */,
				27D0F6D01E84E1AC00DEFB50 /* Info.plist */,
				27D0F6C81E84E1AC00DEFB50 /* SelectDineWallet.xcdatamodeld */,
				27D0F6E71E8788C700DEFB50 /* SignUpViewController.swift */,
				27D0F6EA1E8B691D00DEFB50 /* HomeViewController.swift */,
			);
			path = SelectDineWallet;
			sourceTree = "<group>";
		};
		27D0F6D81E8548A300DEFB50 /* Frameworks */ = {
			isa = PBXGroup;
			children = (
				27D0F6D91E8548E900DEFB50 /* Bolts.framework */,
				27D0F6DA1E8548E900DEFB50 /* FBSDKCoreKit.framework */,
				27D0F6DB1E8548E900DEFB50 /* FBSDKLoginKit.framework */,
				27D0F6DC1E8548E900DEFB50 /* FBSDKShareKit.framework */,
				B881DA72BDAD01D497719741 /* Pods_SelectDineWallet.framework */,
			);
			name = Frameworks;
			sourceTree = "<group>";
		};
		27D0F6F31E8E355E00DEFB50 /* Tabbed SCreens */ = {
			isa = PBXGroup;
			children = (
				274EF4C11E953E8A0015FED2 /* WalletTab */,
				274EF4BA1E92AAE80015FED2 /* PayTab */,
				274EF4B71E9264690015FED2 /* ProfileTab */,
				274EF4B21E8F88BC0015FED2 /* AcceptTab */,
				274EF4B11E8F88B40015FED2 /* HomeTab */,
			);
			name = "Tabbed SCreens";
			sourceTree = "<group>";
		};
		27FA3BE91EB9CAEF00514B35 /* LoginViewController */ = {
			isa = PBXGroup;
			children = (
				27D0F6C31E84E1AC00DEFB50 /* ViewController.swift */,
				27FA3BEA1EB9CE1400514B35 /* LoginScrollView.swift */,
				27FA3BEC1EB9D1DA00514B35 /* LoginScroller.xib */,
			);
			name = LoginViewController;
			sourceTree = "<group>";
		};
/* End PBXGroup section */

/* Begin PBXNativeTarget section */
		27D0F6BD1E84E1AB00DEFB50 /* SelectDineWallet */ = {
			isa = PBXNativeTarget;
			buildConfigurationList = 27D0F6D31E84E1AC00DEFB50 /* Build configuration list for PBXNativeTarget "SelectDineWallet" */;
			buildPhases = (
				40DFA0AFD8605C493253FB7B /* [CP] Check Pods Manifest.lock */,
				27D0F6BA1E84E1AB00DEFB50 /* Sources */,
				27D0F6BB1E84E1AB00DEFB50 /* Frameworks */,
				27D0F6BC1E84E1AB00DEFB50 /* Resources */,
				CE2B8AB6F2B090CBEDA30706 /* [CP] Embed Pods Frameworks */,
				B49474DD7C324F5DFF29168A /* [CP] Copy Pods Resources */,
			);
			buildRules = (
			);
			dependencies = (
			);
			name = SelectDineWallet;
			productName = SelectDineWallet;
			productReference = 27D0F6BE1E84E1AC00DEFB50 /* SelectDineWallet.app */;
			productType = "com.apple.product-type.application";
		};
/* End PBXNativeTarget section */

/* Begin PBXProject section */
		27D0F6B61E84E1AB00DEFB50 /* Project object */ = {
			isa = PBXProject;
			attributes = {
				LastSwiftUpdateCheck = 0820;
				LastUpgradeCheck = 0820;
				ORGANIZATIONNAME = "Pavan Powani";
				TargetAttributes = {
					27D0F6BD1E84E1AB00DEFB50 = {
						CreatedOnToolsVersion = 8.2.1;
						DevelopmentTeam = P57823DZ5M;
						ProvisioningStyle = Automatic;
					};
				};
			};
			buildConfigurationList = 27D0F6B91E84E1AB00DEFB50 /* Build configuration list for PBXProject "SelectDineWallet" */;
			compatibilityVersion = "Xcode 3.2";
			developmentRegion = English;
			hasScannedForEncodings = 0;
			knownRegions = (
				en,
				Base,
			);
			mainGroup = 27D0F6B51E84E1AB00DEFB50;
			productRefGroup = 27D0F6BF1E84E1AC00DEFB50 /* Products */;
			projectDirPath = "";
			projectRoot = "";
			targets = (
				27D0F6BD1E84E1AB00DEFB50 /* SelectDineWallet */,
			);
		};
/* End PBXProject section */

/* Begin PBXResourcesBuildPhase section */
		27D0F6BC1E84E1AB00DEFB50 /* Resources */ = {
			isa = PBXResourcesBuildPhase;
			buildActionMask = 2147483647;
			files = (
				27D0F6E61E86372F00DEFB50 /* GoogleService-Info.plist in Resources */,
				27D0F6CF1E84E1AC00DEFB50 /* LaunchScreen.storyboard in Resources */,
				27D0F6CC1E84E1AC00DEFB50 /* Assets.xcassets in Resources */,
				27FA3BED1EB9D1DA00514B35 /* LoginScroller.xib in Resources */,
				27D0F6EE1E8B822700DEFB50 /* Main.storyboard in Resources */,
				27D0F6F01E8E2F3500DEFB50 /* HomeScroller.xib in Resources */,
			);
			runOnlyForDeploymentPostprocessing = 0;
		};
/* End PBXResourcesBuildPhase section */

/* Begin PBXShellScriptBuildPhase section */
		40DFA0AFD8605C493253FB7B /* [CP] Check Pods Manifest.lock */ = {
			isa = PBXShellScriptBuildPhase;
			buildActionMask = 2147483647;
			files = (
			);
			inputPaths = (
			);
			name = "[CP] Check Pods Manifest.lock";
			outputPaths = (
			);
			runOnlyForDeploymentPostprocessing = 0;
			shellPath = /bin/sh;
			shellScript = "diff \"${PODS_ROOT}/../Podfile.lock\" \"${PODS_ROOT}/Manifest.lock\" > /dev/null\nif [ $? != 0 ] ; then\n    # print error to STDERR\n    echo \"error: The sandbox is not in sync with the Podfile.lock. Run 'pod install' or update your CocoaPods installation.\" >&2\n    exit 1\nfi\n";
			showEnvVarsInLog = 0;
		};
		B49474DD7C324F5DFF29168A /* [CP] Copy Pods Resources */ = {
			isa = PBXShellScriptBuildPhase;
			buildActionMask = 2147483647;
			files = (
			);
			inputPaths = (
			);
			name = "[CP] Copy Pods Resources";
			outputPaths = (
			);
			runOnlyForDeploymentPostprocessing = 0;
			shellPath = /bin/sh;
			shellScript = "\"${SRCROOT}/Pods/Target Support Files/Pods-SelectDineWallet/Pods-SelectDineWallet-resources.sh\"\n";
			showEnvVarsInLog = 0;
		};
		CE2B8AB6F2B090CBEDA30706 /* [CP] Embed Pods Frameworks */ = {
			isa = PBXShellScriptBuildPhase;
			buildActionMask = 2147483647;
			files = (
			);
			inputPaths = (
			);
			name = "[CP] Embed Pods Frameworks";
			outputPaths = (
			);
			runOnlyForDeploymentPostprocessing = 0;
			shellPath = /bin/sh;
			shellScript = "\"${SRCROOT}/Pods/Target Support Files/Pods-SelectDineWallet/Pods-SelectDineWallet-frameworks.sh\"\n";
			showEnvVarsInLog = 0;
		};
/* End PBXShellScriptBuildPhase section */

/* Begin PBXSourcesBuildPhase section */
		27D0F6BA1E84E1AB00DEFB50 /* Sources */ = {
			isa = PBXSourcesBuildPhase;
			buildActionMask = 2147483647;
			files = (
				27C1BA451EB715CA002073B3 /* transactionModel.swift in Sources */,
				2750CBD71E9E1E4F00261269 /* CitiyTableView.swift in Sources */,
				27D0F6E21E857F9100DEFB50 /* LoginViewController.swift in Sources */,
				274EF4BC1E92AB340015FED2 /* PaymentViewController.swift in Sources */,
				271686CE1EBC39D600D6963A /* TransactionViewController.swift in Sources */,
				27D0F6C41E84E1AC00DEFB50 /* ViewController.swift in Sources */,
				27D0F6C21E84E1AC00DEFB50 /* AppDelegate.swift in Sources */,
				274EF4C31E953EB30015FED2 /* WalletTabViewController.swift in Sources */,
				274EF4B41E8F88D40015FED2 /* AcceptTabViewController.swift in Sources */,
				27D0F6CA1E84E1AC00DEFB50 /* SelectDineWallet.xcdatamodeld in Sources */,
				27FA3BEB1EB9CE1400514B35 /* LoginScrollView.swift in Sources */,
				27D0F6F21E8E330C00DEFB50 /* HomeScrollView.swift in Sources */,
				275A14611EB600370034F19F /* FeedbackViewController.swift in Sources */,
				27C1BA431EB70CDE002073B3 /* TransactionTableViewCell.swift in Sources */,
				274EF4BE1E9372EB0015FED2 /* PayViewController.swift in Sources */,
				27D0F6E81E8788C700DEFB50 /* SignUpViewController.swift in Sources */,
				271686D01EBC3F9100D6963A /* PassbookViewController.swift in Sources */,
				27D0F6EB1E8B691D00DEFB50 /* HomeViewController.swift in Sources */,
				2750CBD91E9E236F00261269 /* BranchTableView.swift in Sources */,
				270F1E0E1EB4573300351D4D /* SettingsViewController.swift in Sources */,
				274EF4B91E9264900015FED2 /* ProfileTabViewController.swift in Sources */,
				27D0F6F51E8E357900DEFB50 /* HomeTabView.swift in Sources */,
				2750CBCB1E99077D00261269 /* IFSCViewController.swift in Sources */,
				2750CBD51E9E091100261269 /* StatetableView.swift in Sources */,
				2750CBD11E9CAACC00261269 /* BankModel.swift in Sources */,
				2750CBC91E98D2C100261269 /* UpdateAccViewController.swift in Sources */,
				2750CBCD1E9CA9D000261269 /* BanksTableViewController.swift in Sources */,
				2750CBD31E9CB48F00261269 /* BankTableViewCell.swift in Sources */,
			);
			runOnlyForDeploymentPostprocessing = 0;
		};
/* End PBXSourcesBuildPhase section */

/* Begin PBXVariantGroup section */
		27D0F6CD1E84E1AC00DEFB50 /* LaunchScreen.storyboard */ = {
			isa = PBXVariantGroup;
			children = (
				27D0F6CE1E84E1AC00DEFB50 /* Base */,
			);
			name = LaunchScreen.storyboard;
			sourceTree = "<group>";
		};
		27D0F6EC1E8B822700DEFB50 /* Main.storyboard */ = {
			isa = PBXVariantGroup;
			children = (
				27D0F6ED1E8B822700DEFB50 /* Base */,
			);
			name = Main.storyboard;
			sourceTree = "<group>";
		};
/* End PBXVariantGroup section */

/* Begin XCBuildConfiguration section */
		27D0F6D11E84E1AC00DEFB50 /* Debug */ = {
			isa = XCBuildConfiguration;
			buildSettings = {
				ALWAYS_SEARCH_USER_PATHS = NO;
				CLANG_ANALYZER_NONNULL = YES;
				CLANG_CXX_LANGUAGE_STANDARD = "gnu++0x";
				CLANG_CXX_LIBRARY = "libc++";
				CLANG_ENABLE_MODULES = YES;
				CLANG_ENABLE_OBJC_ARC = YES;
				CLANG_WARN_BOOL_CONVERSION = YES;
				CLANG_WARN_CONSTANT_CONVERSION = YES;
				CLANG_WARN_DIRECT_OBJC_ISA_USAGE = YES_ERROR;
				CLANG_WARN_DOCUMENTATION_COMMENTS = YES;
				CLANG_WARN_EMPTY_BODY = YES;
				CLANG_WARN_ENUM_CONVERSION = YES;
				CLANG_WARN_INFINITE_RECURSION = YES;
				CLANG_WARN_INT_CONVERSION = YES;
				CLANG_WARN_OBJC_ROOT_CLASS = YES_ERROR;
				CLANG_WARN_SUSPICIOUS_MOVE = YES;
				CLANG_WARN_UNREACHABLE_CODE = YES;
				CLANG_WARN__DUPLICATE_METHOD_MATCH = YES;
				CODE_SIGN_IDENTITY = "iPhone Developer";
				"CODE_SIGN_IDENTITY[sdk=iphoneos*]" = "iPhone Developer";
				COPY_PHASE_STRIP = NO;
				DEBUG_INFORMATION_FORMAT = dwarf;
				ENABLE_STRICT_OBJC_MSGSEND = YES;
				ENABLE_TESTABILITY = YES;
				GCC_C_LANGUAGE_STANDARD = gnu99;
				GCC_DYNAMIC_NO_PIC = NO;
				GCC_NO_COMMON_BLOCKS = YES;
				GCC_OPTIMIZATION_LEVEL = 0;
				GCC_PREPROCESSOR_DEFINITIONS = (
					"DEBUG=1",
					"$(inherited)",
				);
				GCC_WARN_64_TO_32_BIT_CONVERSION = YES;
				GCC_WARN_ABOUT_RETURN_TYPE = YES_ERROR;
				GCC_WARN_UNDECLARED_SELECTOR = YES;
				GCC_WARN_UNINITIALIZED_AUTOS = YES_AGGRESSIVE;
				GCC_WARN_UNUSED_FUNCTION = YES;
				GCC_WARN_UNUSED_VARIABLE = YES;
				IPHONEOS_DEPLOYMENT_TARGET = 10.2;
				MTL_ENABLE_DEBUG_INFO = YES;
				ONLY_ACTIVE_ARCH = YES;
				SDKROOT = iphoneos;
				SWIFT_ACTIVE_COMPILATION_CONDITIONS = DEBUG;
				SWIFT_OPTIMIZATION_LEVEL = "-Onone";
				TARGETED_DEVICE_FAMILY = "1,2";
			};
			name = Debug;
		};
		27D0F6D21E84E1AC00DEFB50 /* Release */ = {
			isa = XCBuildConfiguration;
			buildSettings = {
				ALWAYS_SEARCH_USER_PATHS = NO;
				CLANG_ANALYZER_NONNULL = YES;
				CLANG_CXX_LANGUAGE_STANDARD = "gnu++0x";
				CLANG_CXX_LIBRARY = "libc++";
				CLANG_ENABLE_MODULES = YES;
				CLANG_ENABLE_OBJC_ARC = YES;
				CLANG_WARN_BOOL_CONVERSION = YES;
				CLANG_WARN_CONSTANT_CONVERSION = YES;
				CLANG_WARN_DIRECT_OBJC_ISA_USAGE = YES_ERROR;
				CLANG_WARN_DOCUMENTATION_COMMENTS = YES;
				CLANG_WARN_EMPTY_BODY = YES;
				CLANG_WARN_ENUM_CONVERSION = YES;
				CLANG_WARN_INFINITE_RECURSION = YES;
				CLANG_WARN_INT_CONVERSION = YES;
				CLANG_WARN_OBJC_ROOT_CLASS = YES_ERROR;
				CLANG_WARN_SUSPICIOUS_MOVE = YES;
				CLANG_WARN_UNREACHABLE_CODE = YES;
				CLANG_WARN__DUPLICATE_METHOD_MATCH = YES;
				CODE_SIGN_IDENTITY = "iPhone Developer";
				"CODE_SIGN_IDENTITY[sdk=iphoneos*]" = "iPhone Developer";
				COPY_PHASE_STRIP = NO;
				DEBUG_INFORMATION_FORMAT = "dwarf-with-dsym";
				ENABLE_NS_ASSERTIONS = NO;
				ENABLE_STRICT_OBJC_MSGSEND = YES;
				GCC_C_LANGUAGE_STANDARD = gnu99;
				GCC_NO_COMMON_BLOCKS = YES;
				GCC_WARN_64_TO_32_BIT_CONVERSION = YES;
				GCC_WARN_ABOUT_RETURN_TYPE = YES_ERROR;
				GCC_WARN_UNDECLARED_SELECTOR = YES;
				GCC_WARN_UNINITIALIZED_AUTOS = YES_AGGRESSIVE;
				GCC_WARN_UNUSED_FUNCTION = YES;
				GCC_WARN_UNUSED_VARIABLE = YES;
				IPHONEOS_DEPLOYMENT_TARGET = 10.2;
				MTL_ENABLE_DEBUG_INFO = NO;
				SDKROOT = iphoneos;
				SWIFT_OPTIMIZATION_LEVEL = "-Owholemodule";
				TARGETED_DEVICE_FAMILY = "1,2";
				VALIDATE_PRODUCT = YES;
			};
			name = Release;
		};
		27D0F6D41E84E1AC00DEFB50 /* Debug */ = {
			isa = XCBuildConfiguration;
			baseConfigurationReference = 6F1F5244618DEBD0C8E71F10 /* Pods-SelectDineWallet.debug.xcconfig */;
			buildSettings = {
				ASSETCATALOG_COMPILER_APPICON_NAME = AppIcon;
				DEVELOPMENT_TEAM = P57823DZ5M;
				FRAMEWORK_SEARCH_PATHS = (
					"$(inherited)",
					"$(PROJECT_DIR)",
				);
				INFOPLIST_FILE = SelectDineWallet/Info.plist;
				IPHONEOS_DEPLOYMENT_TARGET = 10.0;
				LD_RUNPATH_SEARCH_PATHS = "$(inherited) @executable_path/Frameworks";
				PRODUCT_BUNDLE_IDENTIFIER = com.SelectDineWallet.app;
				PRODUCT_NAME = "$(TARGET_NAME)";
				SWIFT_REFLECTION_METADATA_LEVEL = all;
				SWIFT_VERSION = 3.0;
			};
			name = Debug;
		};
		27D0F6D51E84E1AC00DEFB50 /* Release */ = {
			isa = XCBuildConfiguration;
			baseConfigurationReference = 75B92D4249E65320A6D5C6B1 /* Pods-SelectDineWallet.release.xcconfig */;
			buildSettings = {
				ASSETCATALOG_COMPILER_APPICON_NAME = AppIcon;
				DEVELOPMENT_TEAM = P57823DZ5M;
				FRAMEWORK_SEARCH_PATHS = (
					"$(inherited)",
					"$(PROJECT_DIR)",
				);
				INFOPLIST_FILE = SelectDineWallet/Info.plist;
				IPHONEOS_DEPLOYMENT_TARGET = 10.0;
				LD_RUNPATH_SEARCH_PATHS = "$(inherited) @executable_path/Frameworks";
				PRODUCT_BUNDLE_IDENTIFIER = com.SelectDineWallet.app;
				PRODUCT_NAME = "$(TARGET_NAME)";
				SWIFT_REFLECTION_METADATA_LEVEL = all;
				SWIFT_VERSION = 3.0;
			};
			name = Release;
		};
/* End XCBuildConfiguration section */

/* Begin XCConfigurationList section */
		27D0F6B91E84E1AB00DEFB50 /* Build configuration list for PBXProject "SelectDineWallet" */ = {
			isa = XCConfigurationList;
			buildConfigurations = (
				27D0F6D11E84E1AC00DEFB50 /* Debug */,
				27D0F6D21E84E1AC00DEFB50 /* Release */,
			);
			defaultConfigurationIsVisible = 0;
			defaultConfigurationName = Release;
		};
		27D0F6D31E84E1AC00DEFB50 /* Build configuration list for PBXNativeTarget "SelectDineWallet" */ = {
			isa = XCConfigurationList;
			buildConfigurations = (
				27D0F6D41E84E1AC00DEFB50 /* Debug */,
				27D0F6D51E84E1AC00DEFB50 /* Release */,
			);
			defaultConfigurationIsVisible = 0;
			defaultConfigurationName = Release;
		};
/* End XCConfigurationList section */

/* Begin XCVersionGroup section */
		27D0F6C81E84E1AC00DEFB50 /* SelectDineWallet.xcdatamodeld */ = {
			isa = XCVersionGroup;
			children = (
				27D0F6C91E84E1AC00DEFB50 /* SelectDineWallet.xcdatamodel */,
			);
			currentVersion = 27D0F6C91E84E1AC00DEFB50 /* SelectDineWallet.xcdatamodel */;
			path = SelectDineWallet.xcdatamodeld;
			sourceTree = "<group>";
			versionGroupType = wrapper.xcdatamodel;
		};
/* End XCVersionGroup section */
	};
	rootObject = 27D0F6B61E84E1AB00DEFB50 /* Project object */;
}
